// !$*UTF8*$!
{
	archiveVersion = 1;
	classes = {
	};
	objectVersion = 50;
	objects = {

/* Begin PBXBuildFile section */
		8124B55D259A0C0500463F50 /* AppDelegate.swift in Sources */ = {isa = PBXBuildFile; fileRef = 8124B55C259A0C0500463F50 /* AppDelegate.swift */; };
		8124B55F259A0C0500463F50 /* SceneDelegate.swift in Sources */ = {isa = PBXBuildFile; fileRef = 8124B55E259A0C0500463F50 /* SceneDelegate.swift */; };
		8124B561259A0C0500463F50 /* HomeViewController.swift in Sources */ = {isa = PBXBuildFile; fileRef = 8124B560259A0C0500463F50 /* HomeViewController.swift */; };
		8124B566259A0C0600463F50 /* Assets.xcassets in Resources */ = {isa = PBXBuildFile; fileRef = 8124B565259A0C0600463F50 /* Assets.xcassets */; };
		8124B569259A0C0600463F50 /* LaunchScreen.storyboard in Resources */ = {isa = PBXBuildFile; fileRef = 8124B567259A0C0600463F50 /* LaunchScreen.storyboard */; };
		8124B574259A0C0700463F50 /* DesafioTests.swift in Sources */ = {isa = PBXBuildFile; fileRef = 8124B573259A0C0700463F50 /* DesafioTests.swift */; };
		8124B57F259A0C0700463F50 /* DesafioUITests.swift in Sources */ = {isa = PBXBuildFile; fileRef = 8124B57E259A0C0700463F50 /* DesafioUITests.swift */; };
		8124B5A6259A0D3800463F50 /* HomeViewModel.swift in Sources */ = {isa = PBXBuildFile; fileRef = 8124B5A5259A0D3800463F50 /* HomeViewModel.swift */; };
		812DB76B259A654300C53E98 /* CategoryType.swift in Sources */ = {isa = PBXBuildFile; fileRef = 812DB76A259A654300C53E98 /* CategoryType.swift */; };
		812DB771259A6DD400C53E98 /* ReceiptView.swift in Sources */ = {isa = PBXBuildFile; fileRef = 812DB770259A6DD400C53E98 /* ReceiptView.swift */; };
		812DB779259A6E3200C53E98 /* ReceiptView.xib in Resources */ = {isa = PBXBuildFile; fileRef = 812DB778259A6E3200C53E98 /* ReceiptView.xib */; };
		815A1A90259A101800B73B94 /* HomeViewController+TableView.swift in Sources */ = {isa = PBXBuildFile; fileRef = 815A1A8F259A101800B73B94 /* HomeViewController+TableView.swift */; };
		815A1A97259A10D600B73B94 /* DataViewCell.swift in Sources */ = {isa = PBXBuildFile; fileRef = 815A1A96259A10D600B73B94 /* DataViewCell.swift */; };
		815A1A9F259A117300B73B94 /* DataViewCell.xib in Resources */ = {isa = PBXBuildFile; fileRef = 815A1A9E259A117300B73B94 /* DataViewCell.xib */; };
		815A8FAB259A1BBC00C4D0A9 /* CreditLaunch.swift in Sources */ = {isa = PBXBuildFile; fileRef = 815A8FAA259A1BBC00C4D0A9 /* CreditLaunch.swift */; };
		815A8FB0259A1E5C00C4D0A9 /* NetworkHandler.swift in Sources */ = {isa = PBXBuildFile; fileRef = 815A8FAF259A1E5C00C4D0A9 /* NetworkHandler.swift */; };
		815A8FB5259A20AE00C4D0A9 /* NetworkTests.swift in Sources */ = {isa = PBXBuildFile; fileRef = 815A8FB4259A20AE00C4D0A9 /* NetworkTests.swift */; };
		815A8FC5259A546700C4D0A9 /* Months.swift in Sources */ = {isa = PBXBuildFile; fileRef = 815A8FC4259A546700C4D0A9 /* Months.swift */; };
		8170EC3E259A5E5600102BFF /* DetailsViewController.swift in Sources */ = {isa = PBXBuildFile; fileRef = 8170EC3D259A5E5600102BFF /* DetailsViewController.swift */; };
/* End PBXBuildFile section */

/* Begin PBXContainerItemProxy section */
		8124B570259A0C0700463F50 /* PBXContainerItemProxy */ = {
			isa = PBXContainerItemProxy;
			containerPortal = 8124B551259A0C0500463F50 /* Project object */;
			proxyType = 1;
			remoteGlobalIDString = 8124B558259A0C0500463F50;
			remoteInfo = Desafio;
		};
		8124B57B259A0C0700463F50 /* PBXContainerItemProxy */ = {
			isa = PBXContainerItemProxy;
			containerPortal = 8124B551259A0C0500463F50 /* Project object */;
			proxyType = 1;
			remoteGlobalIDString = 8124B558259A0C0500463F50;
			remoteInfo = Desafio;
		};
/* End PBXContainerItemProxy section */

/* Begin PBXFileReference section */
		8124B559259A0C0500463F50 /* Desafio.app */ = {isa = PBXFileReference; explicitFileType = wrapper.application; includeInIndex = 0; path = Desafio.app; sourceTree = BUILT_PRODUCTS_DIR; };
		8124B55C259A0C0500463F50 /* AppDelegate.swift */ = {isa = PBXFileReference; lastKnownFileType = sourcecode.swift; path = AppDelegate.swift; sourceTree = "<group>"; };
		8124B55E259A0C0500463F50 /* SceneDelegate.swift */ = {isa = PBXFileReference; lastKnownFileType = sourcecode.swift; path = SceneDelegate.swift; sourceTree = "<group>"; };
		8124B560259A0C0500463F50 /* HomeViewController.swift */ = {isa = PBXFileReference; lastKnownFileType = sourcecode.swift; path = HomeViewController.swift; sourceTree = "<group>"; };
		8124B565259A0C0600463F50 /* Assets.xcassets */ = {isa = PBXFileReference; lastKnownFileType = folder.assetcatalog; path = Assets.xcassets; sourceTree = "<group>"; };
		8124B56A259A0C0600463F50 /* Info.plist */ = {isa = PBXFileReference; lastKnownFileType = text.plist.xml; path = Info.plist; sourceTree = "<group>"; };
		8124B56F259A0C0700463F50 /* DesafioTests.xctest */ = {isa = PBXFileReference; explicitFileType = wrapper.cfbundle; includeInIndex = 0; path = DesafioTests.xctest; sourceTree = BUILT_PRODUCTS_DIR; };
		8124B573259A0C0700463F50 /* DesafioTests.swift */ = {isa = PBXFileReference; lastKnownFileType = sourcecode.swift; path = DesafioTests.swift; sourceTree = "<group>"; };
		8124B575259A0C0700463F50 /* Info.plist */ = {isa = PBXFileReference; lastKnownFileType = text.plist.xml; path = Info.plist; sourceTree = "<group>"; };
		8124B57A259A0C0700463F50 /* DesafioUITests.xctest */ = {isa = PBXFileReference; explicitFileType = wrapper.cfbundle; includeInIndex = 0; path = DesafioUITests.xctest; sourceTree = BUILT_PRODUCTS_DIR; };
		8124B57E259A0C0700463F50 /* DesafioUITests.swift */ = {isa = PBXFileReference; lastKnownFileType = sourcecode.swift; path = DesafioUITests.swift; sourceTree = "<group>"; };
		8124B580259A0C0700463F50 /* Info.plist */ = {isa = PBXFileReference; lastKnownFileType = text.plist.xml; path = Info.plist; sourceTree = "<group>"; };
		8124B5A5259A0D3800463F50 /* HomeViewModel.swift */ = {isa = PBXFileReference; lastKnownFileType = sourcecode.swift; path = HomeViewModel.swift; sourceTree = "<group>"; };
		812DB76A259A654300C53E98 /* CategoryType.swift */ = {isa = PBXFileReference; lastKnownFileType = sourcecode.swift; path = CategoryType.swift; sourceTree = "<group>"; };
		812DB770259A6DD400C53E98 /* ReceiptView.swift */ = {isa = PBXFileReference; lastKnownFileType = sourcecode.swift; path = ReceiptView.swift; sourceTree = "<group>"; };
		812DB778259A6E3200C53E98 /* ReceiptView.xib */ = {isa = PBXFileReference; lastKnownFileType = file.xib; path = ReceiptView.xib; sourceTree = "<group>"; };
		815A1A8F259A101800B73B94 /* HomeViewController+TableView.swift */ = {isa = PBXFileReference; lastKnownFileType = sourcecode.swift; path = "HomeViewController+TableView.swift"; sourceTree = "<group>"; };
		815A1A96259A10D600B73B94 /* DataViewCell.swift */ = {isa = PBXFileReference; lastKnownFileType = sourcecode.swift; path = DataViewCell.swift; sourceTree = "<group>"; };
		815A1A9E259A117300B73B94 /* DataViewCell.xib */ = {isa = PBXFileReference; lastKnownFileType = file.xib; path = DataViewCell.xib; sourceTree = "<group>"; };
		815A8FAA259A1BBC00C4D0A9 /* CreditLaunch.swift */ = {isa = PBXFileReference; lastKnownFileType = sourcecode.swift; path = CreditLaunch.swift; sourceTree = "<group>"; };
		815A8FAF259A1E5C00C4D0A9 /* NetworkHandler.swift */ = {isa = PBXFileReference; lastKnownFileType = sourcecode.swift; path = NetworkHandler.swift; sourceTree = "<group>"; };
		815A8FB4259A20AE00C4D0A9 /* NetworkTests.swift */ = {isa = PBXFileReference; lastKnownFileType = sourcecode.swift; path = NetworkTests.swift; sourceTree = "<group>"; };
		815A8FB9259A2BBE00C4D0A9 /* pt-BR */ = {isa = PBXFileReference; lastKnownFileType = text.plist.strings; name = "pt-BR"; path = "pt-BR.lproj/LaunchScreen.strings"; sourceTree = "<group>"; };
		815A8FBE259A2BD100C4D0A9 /* pt-BR */ = {isa = PBXFileReference; lastKnownFileType = file.storyboard; name = "pt-BR"; path = "pt-BR.lproj/LaunchScreen.storyboard"; sourceTree = "<group>"; };
		815A8FC4259A546700C4D0A9 /* Months.swift */ = {isa = PBXFileReference; lastKnownFileType = sourcecode.swift; path = Months.swift; sourceTree = "<group>"; };
		8170EC3D259A5E5600102BFF /* DetailsViewController.swift */ = {isa = PBXFileReference; lastKnownFileType = sourcecode.swift; path = DetailsViewController.swift; sourceTree = "<group>"; };
/* End PBXFileReference section */

/* Begin PBXFrameworksBuildPhase section */
		8124B556259A0C0500463F50 /* Frameworks */ = {
			isa = PBXFrameworksBuildPhase;
			buildActionMask = 2147483647;
			files = (
			);
			runOnlyForDeploymentPostprocessing = 0;
		};
		8124B56C259A0C0700463F50 /* Frameworks */ = {
			isa = PBXFrameworksBuildPhase;
			buildActionMask = 2147483647;
			files = (
			);
			runOnlyForDeploymentPostprocessing = 0;
		};
		8124B577259A0C0700463F50 /* Frameworks */ = {
			isa = PBXFrameworksBuildPhase;
			buildActionMask = 2147483647;
			files = (
			);
			runOnlyForDeploymentPostprocessing = 0;
		};
/* End PBXFrameworksBuildPhase section */

/* Begin PBXGroup section */
		8124B550259A0C0500463F50 = {
			isa = PBXGroup;
			children = (
				8124B55B259A0C0500463F50 /* Desafio */,
				8124B572259A0C0700463F50 /* DesafioTests */,
				8124B57D259A0C0700463F50 /* DesafioUITests */,
				8124B55A259A0C0500463F50 /* Products */,
			);
			sourceTree = "<group>";
		};
		8124B55A259A0C0500463F50 /* Products */ = {
			isa = PBXGroup;
			children = (
				8124B559259A0C0500463F50 /* Desafio.app */,
				8124B56F259A0C0700463F50 /* DesafioTests.xctest */,
				8124B57A259A0C0700463F50 /* DesafioUITests.xctest */,
			);
			name = Products;
			sourceTree = "<group>";
		};
		8124B55B259A0C0500463F50 /* Desafio */ = {
			isa = PBXGroup;
			children = (
				8124B598259A0C8200463F50 /* iOS */,
				815A8FC3259A544D00C4D0A9 /* Utils */,
				8124B599259A0C8800463F50 /* Views */,
				8124B59B259A0C9500463F50 /* ViewModels */,
				8124B59A259A0C8E00463F50 /* Models */,
				8124B565259A0C0600463F50 /* Assets.xcassets */,
				8124B56A259A0C0600463F50 /* Info.plist */,
			);
			path = Desafio;
			sourceTree = "<group>";
		};
		8124B572259A0C0700463F50 /* DesafioTests */ = {
			isa = PBXGroup;
			children = (
				8124B573259A0C0700463F50 /* DesafioTests.swift */,
				8124B575259A0C0700463F50 /* Info.plist */,
				815A8FB4259A20AE00C4D0A9 /* NetworkTests.swift */,
			);
			path = DesafioTests;
			sourceTree = "<group>";
		};
		8124B57D259A0C0700463F50 /* DesafioUITests */ = {
			isa = PBXGroup;
			children = (
				8124B57E259A0C0700463F50 /* DesafioUITests.swift */,
				8124B580259A0C0700463F50 /* Info.plist */,
			);
			path = DesafioUITests;
			sourceTree = "<group>";
		};
		8124B598259A0C8200463F50 /* iOS */ = {
			isa = PBXGroup;
			children = (
				8124B567259A0C0600463F50 /* LaunchScreen.storyboard */,
				8124B55C259A0C0500463F50 /* AppDelegate.swift */,
				8124B55E259A0C0500463F50 /* SceneDelegate.swift */,
			);
			path = iOS;
			sourceTree = "<group>";
		};
		8124B599259A0C8800463F50 /* Views */ = {
			isa = PBXGroup;
			children = (
				812DB76F259A6DB800C53E98 /* CustomsViews */,
				815A1A95259A10BB00B73B94 /* ViewControllers */,
				815A1A94259A10B700B73B94 /* Cells */,
			);
			path = Views;
			sourceTree = "<group>";
		};
		8124B59A259A0C8E00463F50 /* Models */ = {
			isa = PBXGroup;
			children = (
				8124B5AE259A0D5D00463F50 /* Data */,
				8124B5AD259A0D5700463F50 /* Network */,
			);
			path = Models;
			sourceTree = "<group>";
		};
		8124B59B259A0C9500463F50 /* ViewModels */ = {
			isa = PBXGroup;
			children = (
				8170EC3C259A5E4700102BFF /* Home */,
			);
			path = ViewModels;
			sourceTree = "<group>";
		};
		8124B5AD259A0D5700463F50 /* Network */ = {
			isa = PBXGroup;
			children = (
				815A8FAF259A1E5C00C4D0A9 /* NetworkHandler.swift */,
			);
			path = Network;
			sourceTree = "<group>";
		};
		8124B5AE259A0D5D00463F50 /* Data */ = {
			isa = PBXGroup;
			children = (
				815A8FAA259A1BBC00C4D0A9 /* CreditLaunch.swift */,
				812DB76A259A654300C53E98 /* CategoryType.swift */,
			);
			path = Data;
			sourceTree = "<group>";
		};
		812DB76F259A6DB800C53E98 /* CustomsViews */ = {
			isa = PBXGroup;
			children = (
				812DB770259A6DD400C53E98 /* ReceiptView.swift */,
				812DB778259A6E3200C53E98 /* ReceiptView.xib */,
			);
			path = CustomsViews;
			sourceTree = "<group>";
		};
		815A1A94259A10B700B73B94 /* Cells */ = {
			isa = PBXGroup;
			children = (
				815A1A96259A10D600B73B94 /* DataViewCell.swift */,
				815A1A9E259A117300B73B94 /* DataViewCell.xib */,
			);
			path = Cells;
			sourceTree = "<group>";
		};
		815A1A95259A10BB00B73B94 /* ViewControllers */ = {
			isa = PBXGroup;
			children = (
				8170EC3B259A5E3D00102BFF /* Details */,
				8170EC3A259A5E3500102BFF /* Home */,
			);
			path = ViewControllers;
			sourceTree = "<group>";
		};
		815A8FC3259A544D00C4D0A9 /* Utils */ = {
			isa = PBXGroup;
			children = (
				815A8FC4259A546700C4D0A9 /* Months.swift */,
			);
			path = Utils;
			sourceTree = "<group>";
		};
		8170EC3A259A5E3500102BFF /* Home */ = {
			isa = PBXGroup;
			children = (
				8124B560259A0C0500463F50 /* HomeViewController.swift */,
				815A1A8F259A101800B73B94 /* HomeViewController+TableView.swift */,
			);
			path = Home;
			sourceTree = "<group>";
		};
		8170EC3B259A5E3D00102BFF /* Details */ = {
			isa = PBXGroup;
			children = (
				8170EC3D259A5E5600102BFF /* DetailsViewController.swift */,
			);
			path = Details;
			sourceTree = "<group>";
		};
		8170EC3C259A5E4700102BFF /* Home */ = {
			isa = PBXGroup;
			children = (
				8124B5A5259A0D3800463F50 /* HomeViewModel.swift */,
			);
			path = Home;
			sourceTree = "<group>";
		};
/* End PBXGroup section */

/* Begin PBXNativeTarget section */
		8124B558259A0C0500463F50 /* Desafio */ = {
			isa = PBXNativeTarget;
			buildConfigurationList = 8124B583259A0C0700463F50 /* Build configuration list for PBXNativeTarget "Desafio" */;
			buildPhases = (
				8124B555259A0C0500463F50 /* Sources */,
				8124B556259A0C0500463F50 /* Frameworks */,
				8124B557259A0C0500463F50 /* Resources */,
			);
			buildRules = (
			);
			dependencies = (
			);
			name = Desafio;
			productName = Desafio;
			productReference = 8124B559259A0C0500463F50 /* Desafio.app */;
			productType = "com.apple.product-type.application";
		};
		8124B56E259A0C0700463F50 /* DesafioTests */ = {
			isa = PBXNativeTarget;
			buildConfigurationList = 8124B586259A0C0700463F50 /* Build configuration list for PBXNativeTarget "DesafioTests" */;
			buildPhases = (
				8124B56B259A0C0700463F50 /* Sources */,
				8124B56C259A0C0700463F50 /* Frameworks */,
				8124B56D259A0C0700463F50 /* Resources */,
			);
			buildRules = (
			);
			dependencies = (
				8124B571259A0C0700463F50 /* PBXTargetDependency */,
			);
			name = DesafioTests;
			productName = DesafioTests;
			productReference = 8124B56F259A0C0700463F50 /* DesafioTests.xctest */;
			productType = "com.apple.product-type.bundle.unit-test";
		};
		8124B579259A0C0700463F50 /* DesafioUITests */ = {
			isa = PBXNativeTarget;
			buildConfigurationList = 8124B589259A0C0700463F50 /* Build configuration list for PBXNativeTarget "DesafioUITests" */;
			buildPhases = (
				8124B576259A0C0700463F50 /* Sources */,
				8124B577259A0C0700463F50 /* Frameworks */,
				8124B578259A0C0700463F50 /* Resources */,
			);
			buildRules = (
			);
			dependencies = (
				8124B57C259A0C0700463F50 /* PBXTargetDependency */,
			);
			name = DesafioUITests;
			productName = DesafioUITests;
			productReference = 8124B57A259A0C0700463F50 /* DesafioUITests.xctest */;
			productType = "com.apple.product-type.bundle.ui-testing";
		};
/* End PBXNativeTarget section */

/* Begin PBXProject section */
		8124B551259A0C0500463F50 /* Project object */ = {
			isa = PBXProject;
			attributes = {
				LastSwiftUpdateCheck = 1230;
				LastUpgradeCheck = 1230;
				TargetAttributes = {
					8124B558259A0C0500463F50 = {
						CreatedOnToolsVersion = 12.3;
					};
					8124B56E259A0C0700463F50 = {
						CreatedOnToolsVersion = 12.3;
						TestTargetID = 8124B558259A0C0500463F50;
					};
					8124B579259A0C0700463F50 = {
						CreatedOnToolsVersion = 12.3;
						TestTargetID = 8124B558259A0C0500463F50;
					};
				};
			};
			buildConfigurationList = 8124B554259A0C0500463F50 /* Build configuration list for PBXProject "Desafio" */;
			compatibilityVersion = "Xcode 9.3";
			developmentRegion = en;
			hasScannedForEncodings = 0;
			knownRegions = (
				en,
				"pt-BR",
			);
			mainGroup = 8124B550259A0C0500463F50;
			productRefGroup = 8124B55A259A0C0500463F50 /* Products */;
			projectDirPath = "";
			projectRoot = "";
			targets = (
				8124B558259A0C0500463F50 /* Desafio */,
				8124B56E259A0C0700463F50 /* DesafioTests */,
				8124B579259A0C0700463F50 /* DesafioUITests */,
			);
		};
/* End PBXProject section */

/* Begin PBXResourcesBuildPhase section */
		8124B557259A0C0500463F50 /* Resources */ = {
			isa = PBXResourcesBuildPhase;
			buildActionMask = 2147483647;
			files = (
				8124B569259A0C0600463F50 /* LaunchScreen.storyboard in Resources */,
				8124B566259A0C0600463F50 /* Assets.xcassets in Resources */,
				815A1A9F259A117300B73B94 /* DataViewCell.xib in Resources */,
				812DB779259A6E3200C53E98 /* ReceiptView.xib in Resources */,
			);
			runOnlyForDeploymentPostprocessing = 0;
		};
		8124B56D259A0C0700463F50 /* Resources */ = {
			isa = PBXResourcesBuildPhase;
			buildActionMask = 2147483647;
			files = (
			);
			runOnlyForDeploymentPostprocessing = 0;
		};
		8124B578259A0C0700463F50 /* Resources */ = {
			isa = PBXResourcesBuildPhase;
			buildActionMask = 2147483647;
			files = (
			);
			runOnlyForDeploymentPostprocessing = 0;
		};
/* End PBXResourcesBuildPhase section */

/* Begin PBXSourcesBuildPhase section */
		8124B555259A0C0500463F50 /* Sources */ = {
			isa = PBXSourcesBuildPhase;
			buildActionMask = 2147483647;
			files = (
				815A8FC5259A546700C4D0A9 /* Months.swift in Sources */,
				815A8FAB259A1BBC00C4D0A9 /* CreditLaunch.swift in Sources */,
				8124B561259A0C0500463F50 /* HomeViewController.swift in Sources */,
				812DB771259A6DD400C53E98 /* ReceiptView.swift in Sources */,
				8124B55D259A0C0500463F50 /* AppDelegate.swift in Sources */,
				815A1A97259A10D600B73B94 /* DataViewCell.swift in Sources */,
				8124B55F259A0C0500463F50 /* SceneDelegate.swift in Sources */,
				815A1A90259A101800B73B94 /* HomeViewController+TableView.swift in Sources */,
				812DB76B259A654300C53E98 /* CategoryType.swift in Sources */,
				8124B5A6259A0D3800463F50 /* HomeViewModel.swift in Sources */,
				815A8FB0259A1E5C00C4D0A9 /* NetworkHandler.swift in Sources */,
				8170EC3E259A5E5600102BFF /* DetailsViewController.swift in Sources */,
			);
			runOnlyForDeploymentPostprocessing = 0;
		};
		8124B56B259A0C0700463F50 /* Sources */ = {
			isa = PBXSourcesBuildPhase;
			buildActionMask = 2147483647;
			files = (
				815A8FB5259A20AE00C4D0A9 /* NetworkTests.swift in Sources */,
				8124B574259A0C0700463F50 /* DesafioTests.swift in Sources */,
			);
			runOnlyForDeploymentPostprocessing = 0;
		};
		8124B576259A0C0700463F50 /* Sources */ = {
			isa = PBXSourcesBuildPhase;
			buildActionMask = 2147483647;
			files = (
				8124B57F259A0C0700463F50 /* DesafioUITests.swift in Sources */,
			);
			runOnlyForDeploymentPostprocessing = 0;
		};
/* End PBXSourcesBuildPhase section */

/* Begin PBXTargetDependency section */
		8124B571259A0C0700463F50 /* PBXTargetDependency */ = {
			isa = PBXTargetDependency;
			target = 8124B558259A0C0500463F50 /* Desafio */;
			targetProxy = 8124B570259A0C0700463F50 /* PBXContainerItemProxy */;
		};
		8124B57C259A0C0700463F50 /* PBXTargetDependency */ = {
			isa = PBXTargetDependency;
			target = 8124B558259A0C0500463F50 /* Desafio */;
			targetProxy = 8124B57B259A0C0700463F50 /* PBXContainerItemProxy */;
		};
/* End PBXTargetDependency section */

/* Begin PBXVariantGroup section */
		8124B567259A0C0600463F50 /* LaunchScreen.storyboard */ = {
			isa = PBXVariantGroup;
			children = (
				815A8FB9259A2BBE00C4D0A9 /* pt-BR */,
				815A8FBE259A2BD100C4D0A9 /* pt-BR */,
			);
			name = LaunchScreen.storyboard;
			sourceTree = "<group>";
		};
/* End PBXVariantGroup section */

/* Begin XCBuildConfiguration section */
		8124B581259A0C0700463F50 /* Debug */ = {
			isa = XCBuildConfiguration;
			buildSettings = {
				ALWAYS_SEARCH_USER_PATHS = NO;
				CLANG_ANALYZER_LOCALIZABILITY_NONLOCALIZED = YES;
				CLANG_ANALYZER_NONNULL = YES;
				CLANG_ANALYZER_NUMBER_OBJECT_CONVERSION = YES_AGGRESSIVE;
				CLANG_CXX_LANGUAGE_STANDARD = "gnu++14";
				CLANG_CXX_LIBRARY = "libc++";
				CLANG_ENABLE_MODULES = YES;
				CLANG_ENABLE_OBJC_ARC = YES;
				CLANG_ENABLE_OBJC_WEAK = YES;
				CLANG_WARN_BLOCK_CAPTURE_AUTORELEASING = YES;
				CLANG_WARN_BOOL_CONVERSION = YES;
				CLANG_WARN_COMMA = YES;
				CLANG_WARN_CONSTANT_CONVERSION = YES;
				CLANG_WARN_DEPRECATED_OBJC_IMPLEMENTATIONS = YES;
				CLANG_WARN_DIRECT_OBJC_ISA_USAGE = YES_ERROR;
				CLANG_WARN_DOCUMENTATION_COMMENTS = YES;
				CLANG_WARN_EMPTY_BODY = YES;
				CLANG_WARN_ENUM_CONVERSION = YES;
				CLANG_WARN_INFINITE_RECURSION = YES;
				CLANG_WARN_INT_CONVERSION = YES;
				CLANG_WARN_NON_LITERAL_NULL_CONVERSION = YES;
				CLANG_WARN_OBJC_IMPLICIT_RETAIN_SELF = YES;
				CLANG_WARN_OBJC_LITERAL_CONVERSION = YES;
				CLANG_WARN_OBJC_ROOT_CLASS = YES_ERROR;
				CLANG_WARN_QUOTED_INCLUDE_IN_FRAMEWORK_HEADER = YES;
				CLANG_WARN_RANGE_LOOP_ANALYSIS = YES;
				CLANG_WARN_STRICT_PROTOTYPES = YES;
				CLANG_WARN_SUSPICIOUS_MOVE = YES;
				CLANG_WARN_UNGUARDED_AVAILABILITY = YES_AGGRESSIVE;
				CLANG_WARN_UNREACHABLE_CODE = YES;
				CLANG_WARN__DUPLICATE_METHOD_MATCH = YES;
				COPY_PHASE_STRIP = NO;
				DEBUG_INFORMATION_FORMAT = dwarf;
				ENABLE_STRICT_OBJC_MSGSEND = YES;
				ENABLE_TESTABILITY = YES;
				GCC_C_LANGUAGE_STANDARD = gnu11;
				GCC_DYNAMIC_NO_PIC = NO;
				GCC_NO_COMMON_BLOCKS = YES;
				GCC_OPTIMIZATION_LEVEL = 0;
				GCC_PREPROCESSOR_DEFINITIONS = (
					"DEBUG=1",
					"$(inherited)",
				);
				GCC_WARN_64_TO_32_BIT_CONVERSION = YES;
				GCC_WARN_ABOUT_RETURN_TYPE = YES_ERROR;
				GCC_WARN_UNDECLARED_SELECTOR = YES;
				GCC_WARN_UNINITIALIZED_AUTOS = YES_AGGRESSIVE;
				GCC_WARN_UNUSED_FUNCTION = YES;
				GCC_WARN_UNUSED_VARIABLE = YES;
				IPHONEOS_DEPLOYMENT_TARGET = 10.3;
				MTL_ENABLE_DEBUG_INFO = INCLUDE_SOURCE;
				MTL_FAST_MATH = YES;
				ONLY_ACTIVE_ARCH = YES;
				SDKROOT = iphoneos;
				SWIFT_ACTIVE_COMPILATION_CONDITIONS = DEBUG;
				SWIFT_OPTIMIZATION_LEVEL = "-Onone";
			};
			name = Debug;
		};
		8124B582259A0C0700463F50 /* Release */ = {
			isa = XCBuildConfiguration;
			buildSettings = {
				ALWAYS_SEARCH_USER_PATHS = NO;
				CLANG_ANALYZER_LOCALIZABILITY_NONLOCALIZED = YES;
				CLANG_ANALYZER_NONNULL = YES;
				CLANG_ANALYZER_NUMBER_OBJECT_CONVERSION = YES_AGGRESSIVE;
				CLANG_CXX_LANGUAGE_STANDARD = "gnu++14";
				CLANG_CXX_LIBRARY = "libc++";
				CLANG_ENABLE_MODULES = YES;
				CLANG_ENABLE_OBJC_ARC = YES;
				CLANG_ENABLE_OBJC_WEAK = YES;
				CLANG_WARN_BLOCK_CAPTURE_AUTORELEASING = YES;
				CLANG_WARN_BOOL_CONVERSION = YES;
				CLANG_WARN_COMMA = YES;
				CLANG_WARN_CONSTANT_CONVERSION = YES;
				CLANG_WARN_DEPRECATED_OBJC_IMPLEMENTATIONS = YES;
				CLANG_WARN_DIRECT_OBJC_ISA_USAGE = YES_ERROR;
				CLANG_WARN_DOCUMENTATION_COMMENTS = YES;
				CLANG_WARN_EMPTY_BODY = YES;
				CLANG_WARN_ENUM_CONVERSION = YES;
				CLANG_WARN_INFINITE_RECURSION = YES;
				CLANG_WARN_INT_CONVERSION = YES;
				CLANG_WARN_NON_LITERAL_NULL_CONVERSION = YES;
				CLANG_WARN_OBJC_IMPLICIT_RETAIN_SELF = YES;
				CLANG_WARN_OBJC_LITERAL_CONVERSION = YES;
				CLANG_WARN_OBJC_ROOT_CLASS = YES_ERROR;
				CLANG_WARN_QUOTED_INCLUDE_IN_FRAMEWORK_HEADER = YES;
				CLANG_WARN_RANGE_LOOP_ANALYSIS = YES;
				CLANG_WARN_STRICT_PROTOTYPES = YES;
				CLANG_WARN_SUSPICIOUS_MOVE = YES;
				CLANG_WARN_UNGUARDED_AVAILABILITY = YES_AGGRESSIVE;
				CLANG_WARN_UNREACHABLE_CODE = YES;
				CLANG_WARN__DUPLICATE_METHOD_MATCH = YES;
				COPY_PHASE_STRIP = NO;
				DEBUG_INFORMATION_FORMAT = "dwarf-with-dsym";
				ENABLE_NS_ASSERTIONS = NO;
				ENABLE_STRICT_OBJC_MSGSEND = YES;
				GCC_C_LANGUAGE_STANDARD = gnu11;
				GCC_NO_COMMON_BLOCKS = YES;
				GCC_WARN_64_TO_32_BIT_CONVERSION = YES;
				GCC_WARN_ABOUT_RETURN_TYPE = YES_ERROR;
				GCC_WARN_UNDECLARED_SELECTOR = YES;
				GCC_WARN_UNINITIALIZED_AUTOS = YES_AGGRESSIVE;
				GCC_WARN_UNUSED_FUNCTION = YES;
				GCC_WARN_UNUSED_VARIABLE = YES;
				IPHONEOS_DEPLOYMENT_TARGET = 10.3;
				MTL_ENABLE_DEBUG_INFO = NO;
				MTL_FAST_MATH = YES;
				SDKROOT = iphoneos;
				SWIFT_COMPILATION_MODE = wholemodule;
				SWIFT_OPTIMIZATION_LEVEL = "-O";
				VALIDATE_PRODUCT = YES;
			};
			name = Release;
		};
		8124B584259A0C0700463F50 /* Debug */ = {
			isa = XCBuildConfiguration;
			buildSettings = {
				ASSETCATALOG_COMPILER_APPICON_NAME = AppIcon;
				ASSETCATALOG_COMPILER_GLOBAL_ACCENT_COLOR_NAME = AccentColor;
				CODE_SIGN_STYLE = Automatic;
				DEVELOPMENT_TEAM = 43793QF9P9;
				INFOPLIST_FILE = Desafio/Info.plist;
				IPHONEOS_DEPLOYMENT_TARGET = 10.3;
				LD_RUNPATH_SEARCH_PATHS = (
					"$(inherited)",
					"@executable_path/Frameworks",
				);
				PRODUCT_BUNDLE_IDENTIFIER = viniciushiga.Desafio;
				PRODUCT_NAME = "$(TARGET_NAME)";
				SWIFT_VERSION = 5.0;
				TARGETED_DEVICE_FAMILY = 1;
			};
			name = Debug;
		};
		8124B585259A0C0700463F50 /* Release */ = {
			isa = XCBuildConfiguration;
			buildSettings = {
				ASSETCATALOG_COMPILER_APPICON_NAME = AppIcon;
				ASSETCATALOG_COMPILER_GLOBAL_ACCENT_COLOR_NAME = AccentColor;
				CODE_SIGN_STYLE = Automatic;
				DEVELOPMENT_TEAM = 43793QF9P9;
				INFOPLIST_FILE = Desafio/Info.plist;
				IPHONEOS_DEPLOYMENT_TARGET = 10.3;
				LD_RUNPATH_SEARCH_PATHS = (
					"$(inherited)",
					"@executable_path/Frameworks",
				);
				PRODUCT_BUNDLE_IDENTIFIER = viniciushiga.Desafio;
				PRODUCT_NAME = "$(TARGET_NAME)";
				SWIFT_VERSION = 5.0;
				TARGETED_DEVICE_FAMILY = 1;
			};
			name = Release;
		};
		8124B587259A0C0700463F50 /* Debug */ = {
			isa = XCBuildConfiguration;
			buildSettings = {
				ALWAYS_EMBED_SWIFT_STANDARD_LIBRARIES = YES;
				BUNDLE_LOADER = "$(TEST_HOST)";
				CODE_SIGN_STYLE = Automatic;
				DEVELOPMENT_TEAM = 43793QF9P9;
				INFOPLIST_FILE = DesafioTests/Info.plist;
				IPHONEOS_DEPLOYMENT_TARGET = 14.3;
				LD_RUNPATH_SEARCH_PATHS = (
					"$(inherited)",
					"@executable_path/Frameworks",
					"@loader_path/Frameworks",
				);
				PRODUCT_BUNDLE_IDENTIFIER = viniciushiga.DesafioTests;
				PRODUCT_NAME = "$(TARGET_NAME)";
				SWIFT_VERSION = 5.0;
				TARGETED_DEVICE_FAMILY = "1,2";
				TEST_HOST = "$(BUILT_PRODUCTS_DIR)/Desafio.app/Desafio";
			};
			name = Debug;
		};
		8124B588259A0C0700463F50 /* Release */ = {
			isa = XCBuildConfiguration;
			buildSettings = {
				ALWAYS_EMBED_SWIFT_STANDARD_LIBRARIES = YES;
				BUNDLE_LOADER = "$(TEST_HOST)";
				CODE_SIGN_STYLE = Automatic;
				DEVELOPMENT_TEAM = 43793QF9P9;
				INFOPLIST_FILE = DesafioTests/Info.plist;
				IPHONEOS_DEPLOYMENT_TARGET = 14.3;
				LD_RUNPATH_SEARCH_PATHS = (
					"$(inherited)",
					"@executable_path/Frameworks",
					"@loader_path/Frameworks",
				);
				PRODUCT_BUNDLE_IDENTIFIER = viniciushiga.DesafioTests;
				PRODUCT_NAME = "$(TARGET_NAME)";
				SWIFT_VERSION = 5.0;
				TARGETED_DEVICE_FAMILY = "1,2";
				TEST_HOST = "$(BUILT_PRODUCTS_DIR)/Desafio.app/Desafio";
			};
			name = Release;
		};
		8124B58A259A0C0700463F50 /* Debug */ = {
			isa = XCBuildConfiguration;
			buildSettings = {
				ALWAYS_EMBED_SWIFT_STANDARD_LIBRARIES = YES;
				CODE_SIGN_STYLE = Automatic;
				DEVELOPMENT_TEAM = 43793QF9P9;
				INFOPLIST_FILE = DesafioUITests/Info.plist;
				LD_RUNPATH_SEARCH_PATHS = (
					"$(inherited)",
					"@executable_path/Frameworks",
					"@loader_path/Frameworks",
				);
				PRODUCT_BUNDLE_IDENTIFIER = viniciushiga.DesafioUITests;
				PRODUCT_NAME = "$(TARGET_NAME)";
				SWIFT_VERSION = 5.0;
				TARGETED_DEVICE_FAMILY = "1,2";
				TEST_TARGET_NAME = Desafio;
			};
			name = Debug;
		};
		8124B58B259A0C0700463F50 /* Release */ = {
			isa = XCBuildConfiguration;
			buildSettings = {
				ALWAYS_EMBED_SWIFT_STANDARD_LIBRARIES = YES;
				CODE_SIGN_STYLE = Automatic;
				DEVELOPMENT_TEAM = 43793QF9P9;
				INFOPLIST_FILE = DesafioUITests/Info.plist;
				LD_RUNPATH_SEARCH_PATHS = (
					"$(inherited)",
					"@executable_path/Frameworks",
					"@loader_path/Frameworks",
				);
				PRODUCT_BUNDLE_IDENTIFIER = viniciushiga.DesafioUITests;
				PRODUCT_NAME = "$(TARGET_NAME)";
				SWIFT_VERSION = 5.0;
				TARGETED_DEVICE_FAMILY = "1,2";
				TEST_TARGET_NAME = Desafio;
			};
			name = Release;
		};
/* End XCBuildConfiguration section */

/* Begin XCConfigurationList section */
		8124B554259A0C0500463F50 /* Build configuration list for PBXProject "Desafio" */ = {
			isa = XCConfigurationList;
			buildConfigurations = (
				8124B581259A0C0700463F50 /* Debug */,
				8124B582259A0C0700463F50 /* Release */,
			);
			defaultConfigurationIsVisible = 0;
			defaultConfigurationName = Release;
		};
		8124B583259A0C0700463F50 /* Build configuration list for PBXNativeTarget "Desafio" */ = {
			isa = XCConfigurationList;
			buildConfigurations = (
				8124B584259A0C0700463F50 /* Debug */,
				8124B585259A0C0700463F50 /* Release */,
			);
			defaultConfigurationIsVisible = 0;
			defaultConfigurationName = Release;
		};
		8124B586259A0C0700463F50 /* Build configuration list for PBXNativeTarget "DesafioTests" */ = {
			isa = XCConfigurationList;
			buildConfigurations = (
				8124B587259A0C0700463F50 /* Debug */,
				8124B588259A0C0700463F50 /* Release */,
			);
			defaultConfigurationIsVisible = 0;
			defaultConfigurationName = Release;
		};
		8124B589259A0C0700463F50 /* Build configuration list for PBXNativeTarget "DesafioUITests" */ = {
			isa = XCConfigurationList;
			buildConfigurations = (
				8124B58A259A0C0700463F50 /* Debug */,
				8124B58B259A0C0700463F50 /* Release */,
			);
			defaultConfigurationIsVisible = 0;
			defaultConfigurationName = Release;
		};
/* End XCConfigurationList section */
	};
	rootObject = 8124B551259A0C0500463F50 /* Project object */;
}
